{
  "projects": [
    {
      "projectId": "seaQhLVS4bbjiGvJJrRwyL",
      "version": "15.0.3",
      "dependencies": {},
      "lang": "js",
      "fileLocks": [
        {
          "assetId": "seaQhLVS4bbjiGvJJrRwyL",
          "type": "projectCss",
          "checksum": "85f7ca190f576c5a2499623973afb625"
        }
      ]
    },
    {
      "projectId": "gErtg5ViHSLXLeffwUSREY",
      "version": "latest",
      "dependencies": {
        "seaQhLVS4bbjiGvJJrRwyL": "15.0.3"
      },
      "lang": "js",
      "fileLocks": [
        {
          "type": "globalVariant",
          "assetId": "kVQm-xdFvWm6",
          "checksum": "84c820b81e1ef98c1ca5513b9eb215d5"
        },
        {
          "type": "renderModule",
          "assetId": "_lxmFh9nVNQ",
          "checksum": "4f797e9a8d119a9e39c6ab620f2f4fd2"
        },
        {
          "type": "cssRules",
          "assetId": "_lxmFh9nVNQ",
          "checksum": "4f797e9a8d119a9e39c6ab620f2f4fd2"
        },
        {
          "type": "renderModule",
          "assetId": "fTG1BE0IJB9",
          "checksum": "81536822b2cf81b1c0dac35c8671de33"
        },
        {
          "type": "cssRules",
          "assetId": "fTG1BE0IJB9",
          "checksum": "81536822b2cf81b1c0dac35c8671de33"
        },
        {
          "type": "renderModule",
          "assetId": "XLMICiDxiJT",
          "checksum": "f8e331d51ef9ddae1e9b83c0624e25ea"
        },
        {
          "type": "cssRules",
          "assetId": "XLMICiDxiJT",
          "checksum": "f8e331d51ef9ddae1e9b83c0624e25ea"
        },
        {
          "type": "renderModule",
          "assetId": "aetSz6183gd",
          "checksum": "edc7559842b21a16534e87a46d5fc485"
        },
        {
          "type": "cssRules",
          "assetId": "aetSz6183gd",
          "checksum": "edc7559842b21a16534e87a46d5fc485"
        },
        {
          "type": "renderModule",
          "assetId": "cWLcfZKSA_0",
          "checksum": "a1f92f428b8270f5bbe3b1cc8ca756a8"
        },
        {
          "type": "cssRules",
          "assetId": "cWLcfZKSA_0",
          "checksum": "a1f92f428b8270f5bbe3b1cc8ca756a8"
        },
        {
          "type": "renderModule",
          "assetId": "BMN13fQiGcH",
          "checksum": "73e011a6dde89eb03471f777640a083d"
        },
        {
          "type": "cssRules",
          "assetId": "BMN13fQiGcH",
          "checksum": "73e011a6dde89eb03471f777640a083d"
        },
        {
          "type": "renderModule",
          "assetId": "Zcf9kJ5GjYa",
          "checksum": "0b5f6934d8e480c573957e969d434d2f"
        },
        {
          "type": "cssRules",
          "assetId": "Zcf9kJ5GjYa",
          "checksum": "0b5f6934d8e480c573957e969d434d2f"
        },
        {
          "type": "renderModule",
          "assetId": "wtdeD-WKAyh",
          "checksum": "2063ce77ef72a58d42aacfd9e164f3be"
        },
        {
          "type": "cssRules",
          "assetId": "wtdeD-WKAyh",
          "checksum": "2063ce77ef72a58d42aacfd9e164f3be"
        },
        {
          "type": "renderModule",
          "assetId": "fM5CswKgCJBh",
          "checksum": "4b50ad29a159cce020f306ea6e1c4754"
        },
        {
          "type": "cssRules",
          "assetId": "fM5CswKgCJBh",
          "checksum": "4b50ad29a159cce020f306ea6e1c4754"
        },
        {
          "type": "renderModule",
          "assetId": "laT9kNwUVsf4",
          "checksum": "6b999390cb55987c0b2c355187b471f4"
        },
        {
          "type": "cssRules",
          "assetId": "laT9kNwUVsf4",
          "checksum": "6b999390cb55987c0b2c355187b471f4"
        },
        {
          "type": "renderModule",
          "assetId": "SsYM0CvZzPmR",
          "checksum": "02f79223e646e96eb1f27e473f4b925b"
        },
        {
          "type": "cssRules",
          "assetId": "SsYM0CvZzPmR",
          "checksum": "02f79223e646e96eb1f27e473f4b925b"
        },
        {
          "type": "renderModule",
          "assetId": "0yGqkLfVE0_9",
          "checksum": "eb3ae63a2fba9a6d6e1b4b391db49407"
        },
        {
          "type": "cssRules",
          "assetId": "0yGqkLfVE0_9",
          "checksum": "eb3ae63a2fba9a6d6e1b4b391db49407"
        },
        {
          "type": "renderModule",
          "assetId": "9PBQw0dowzBM",
          "checksum": "43bfad44cea527571f3fd087fa74479b"
        },
        {
          "type": "cssRules",
          "assetId": "9PBQw0dowzBM",
          "checksum": "43bfad44cea527571f3fd087fa74479b"
        },
        {
          "type": "renderModule",
          "assetId": "AvW_-cSxddlV",
          "checksum": "2cfbeafcafc7e4002fd69ae8bb02208c"
        },
        {
          "type": "cssRules",
          "assetId": "AvW_-cSxddlV",
          "checksum": "2cfbeafcafc7e4002fd69ae8bb02208c"
        },
        {
          "type": "renderModule",
          "assetId": "ZGbDSgngjKOB",
          "checksum": "67475ddd2a11ff4edcb351dcd7094d46"
        },
        {
          "type": "cssRules",
          "assetId": "ZGbDSgngjKOB",
          "checksum": "67475ddd2a11ff4edcb351dcd7094d46"
        },
        {
          "type": "renderModule",
          "assetId": "cN31TQ2GydrE",
          "checksum": "898ccd2306f11d26adbeb92835884d36"
        },
        {
          "type": "cssRules",
          "assetId": "cN31TQ2GydrE",
          "checksum": "898ccd2306f11d26adbeb92835884d36"
        },
        {
          "type": "renderModule",
          "assetId": "i23See4rmTSv",
          "checksum": "32c382d397c1df1537c7d5ad8bb10451"
        },
        {
          "type": "cssRules",
          "assetId": "i23See4rmTSv",
          "checksum": "32c382d397c1df1537c7d5ad8bb10451"
        },
        {
          "type": "image",
          "assetId": "PVIm3_cFImmg",
          "checksum": "e30e14bdc8f25d138a679ec8b94289af"
        },
        {
          "type": "image",
          "assetId": "cPcLa4rGPqIJ",
          "checksum": "7d77897ecfd9ff9efcb36e5ee22127d1"
        },
        {
          "type": "image",
          "assetId": "KVhT2dJ5QeHg",
          "checksum": "018acc45ca3d4155ec25036cf8651f86"
        },
        {
          "type": "image",
          "assetId": "rTGhTRwBksCO",
          "checksum": "0676422696754ee31807324bfb8d8158"
        },
        {
          "assetId": "gErtg5ViHSLXLeffwUSREY",
          "type": "projectCss",
          "checksum": "afb272feb240060971320e9e04f98dcf"
        },
        {
          "type": "icon",
          "assetId": "MsPyN3jOVQs1",
          "checksum": "a8af90194824d476765e8f3d93273df5"
        },
        {
          "type": "icon",
          "assetId": "j-4pikp6vugS",
          "checksum": "d7fd4cecfbaf5b1d9425ec0ef43ae499"
        },
        {
          "type": "icon",
          "assetId": "2D3N8hkwoT1N",
          "checksum": "5f96010872af4ddc6cf01ef73394c09d"
        },
        {
          "type": "icon",
          "assetId": "19NdTtY03qrf",
          "checksum": "c2e596fe3d6aed63b1bb0435c38f4998"
        },
        {
          "type": "icon",
          "assetId": "0jvmsEhGPFEN",
          "checksum": "04e5c6cd6b66b7830cdc9235315b0c2c"
        },
        {
          "type": "icon",
          "assetId": "E9FaasqB-1p9",
          "checksum": "e8abed4d0aa244f811114e9fd9075c72"
        },
        {
          "type": "icon",
          "assetId": "BZTGVOK58-fN",
          "checksum": "48b346efa7b4ecde0313fd5cf634eda9"
        },
        {
          "type": "icon",
          "assetId": "9IGm1Idux8-j",
          "checksum": "2444c8ce1bc45d416c456343916fc2fa"
        },
        {
          "type": "icon",
          "assetId": "E3luPRpIbUlx",
          "checksum": "1050701369f61613e7799f6d4c601f7c"
        },
        {
          "type": "icon",
          "assetId": "5xV-LNqWlRio",
          "checksum": "9c8b765596af3ad29ad2245d05958e7d"
        },
        {
          "type": "icon",
          "assetId": "D7Kb90Swjmrd",
          "checksum": "67e47a1947fceddebc1fcc418e45d1c5"
        },
        {
          "type": "icon",
          "assetId": "zGwa_hKXzYbI",
          "checksum": "f9bce914deb8c6169c03d8724bf41bff"
        },
        {
          "type": "icon",
          "assetId": "ikKaoVp8FWdl",
          "checksum": "77246ec9a0b712a3c9f77cd90014a164"
        },
        {
          "type": "icon",
          "assetId": "yEpz-xe1MOTZ",
          "checksum": "f4f70a41651a84463be1be16807622d4"
        },
        {
          "type": "icon",
          "assetId": "seuIIL0peuG4",
          "checksum": "874aab8347f08f92a2bfaa67ab91e224"
        },
        {
          "type": "icon",
          "assetId": "KE83OqBnR7yY",
          "checksum": "b5a7e3f3672cc975bf2b11b976d49b7d"
        },
        {
          "type": "icon",
          "assetId": "OW43jAexp3P5",
          "checksum": "b814d18daaedcc8f3976abf080b69f7d"
        },
        {
          "type": "icon",
          "assetId": "B-j3HGfx-RlN",
          "checksum": "7825b2ad1f8f49ff2b3e67ffd8069a29"
        },
        {
          "type": "icon",
          "assetId": "-4Sx1Et3XKsY",
          "checksum": "d0d7b03431abe2785e4d8cba70da2d1f"
        },
        {
          "type": "icon",
          "assetId": "alYUnayJbqb-",
          "checksum": "80a7cd45cc7468f319063d6825430bac"
        }
      ]
    }
  ],
  "cliVersion": "0.1.161"
}
